# This file is automatically @generated by Cargo.
# It is not intended for manual editing.
[[package]]
name = "enquote"
version = "1.0.3"
source = "registry+https://github.com/rust-lang/crates.io-index"

[[package]]
name = "paper_switch"
version = "0.1.0"
dependencies = [
 "enquote 1.0.3 (registry+https://github.com/rust-lang/crates.io-index)",
]

[metadata]
"checksum enquote 1.0.3 (registry+https://github.com/rust-lang/crates.io-index)" = "2ec878a5d2f3b6e9eaee72373dd23414cfc7d353104741471bec712ef241a66e"
